

Microsoft Visual Studio Solution File, Format Version 12.00
# Visual Studio Version 16
VisualStudioVersion = 16.0.29613.14
MinimumVisualStudioVersion = 10.0.40219.1
Project("{9A19103F-16F7-4668-BE54-9A1E7A4F7556}") = "RestaurantData", "RestaurantData\RestaurantData.csproj", "{2C12C38E-506A-4E7C-AE15-3EA2A180B153}"
EndProject
Project("{9A19103F-16F7-4668-BE54-9A1E7A4F7556}") = "RestaurantModel", "RestaurantModel\RestaurantModel.csproj", "{8E169660-6A41-4700-90F4-300C0A0DA696}"
EndProject
Project("{9A19103F-16F7-4668-BE54-9A1E7A4F7556}") = "RestaurantWebAPI", "RestaurantWebAPI\RestaurantWebAPI.csproj", "{6281FD12-7EEF-40F0-808D-B77ADD6A89F8}"
EndProject
Project("{FAE04EC0-301F-11D3-BF4B-00C04F79EFBC}") = "XUnitTestForRestaurantWebAPI", "XUnitTestForRestaurantWebAPI\XUnitTestForRestaurantWebAPI.csproj", "{DAE9253F-0757-45CB-88D1-F6C2F500220C}"
EndProject
Global
	GlobalSection(SolutionConfigurationPlatforms) = preSolution
		Debug|Any CPU = Debug|Any CPU
		Release|Any CPU = Release|Any CPU
	EndGlobalSection
	GlobalSection(ProjectConfigurationPlatforms) = postSolution
		{2C12C38E-506A-4E7C-AE15-3EA2A180B153}.Debug|Any CPU.ActiveCfg = Debug|Any CPU
		{2C12C38E-506A-4E7C-AE15-3EA2A180B153}.Debug|Any CPU.Build.0 = Debug|Any CPU
		{2C12C38E-506A-4E7C-AE15-3EA2A180B153}.Release|Any CPU.ActiveCfg = Release|Any CPU
		{2C12C38E-506A-4E7C-AE15-3EA2A180B153}.Release|Any CPU.Build.0 = Release|Any CPU
		{8E169660-6A41-4700-90F4-300C0A0DA696}.Debug|Any CPU.ActiveCfg = Debug|Any CPU
		{8E169660-6A41-4700-90F4-300C0A0DA696}.Debug|Any CPU.Build.0 = Debug|Any CPU
		{8E169660-6A41-4700-90F4-300C0A0DA696}.Release|Any CPU.ActiveCfg = Release|Any CPU
		{8E169660-6A41-4700-90F4-300C0A0DA696}.Release|Any CPU.Build.0 = Release|Any CPU
		{6281FD12-7EEF-40F0-808D-B77ADD6A89F8}.Debug|Any CPU.ActiveCfg = Debug|Any CPU
		{6281FD12-7EEF-40F0-808D-B77ADD6A89F8}.Debug|Any CPU.Build.0 = Debug|Any CPU
		{6281FD12-7EEF-40F0-808D-B77ADD6A89F8}.Release|Any CPU.ActiveCfg = Release|Any CPU
		{6281FD12-7EEF-40F0-808D-B77ADD6A89F8}.Release|Any CPU.Build.0 = Release|Any CPU
		{DAE9253F-0757-45CB-88D1-F6C2F500220C}.Debug|Any CPU.ActiveCfg = Debug|Any CPU
		{DAE9253F-0757-45CB-88D1-F6C2F500220C}.Debug|Any CPU.Build.0 = Debug|Any CPU
		{DAE9253F-0757-45CB-88D1-F6C2F500220C}.Release|Any CPU.ActiveCfg = Release|Any CPU
		{DAE9253F-0757-45CB-88D1-F6C2F500220C}.Release|Any CPU.Build.0 = Release|Any CPU
	EndGlobalSection
	GlobalSection(SolutionProperties) = preSolution
		HideSolutionNode = FALSE
	EndGlobalSection
	GlobalSection(ExtensibilityGlobals) = postSolution
		SolutionGuid = {B019E3A6-7464-46CD-847B-E861F1DC4A1D}
	EndGlobalSection
EndGlobal
